<?xml version="1.0" encoding="utf-8"?>
<Project ToolsVersion="4.0" xmlns="http://schemas.microsoft.com/developer/msbuild/2003">
  <ItemGroup>
    <ClCompile Include="m_character.cpp" />
    <ClCompile Include="m_immutable.cpp" />
    <ClCompile Include="m_mutable.cpp" />
    <ClCompile Include="m_work.cpp" />
    <ClCompile Include="stdafx.cpp" />
    <ClCompile Include="vc_assets.cpp" />
    <ClCompile Include="vc_fatpack.cpp" />
    <ClCompile Include="vc_idle.cpp" />
    <ClCompile Include="vc_octamap.cpp" />
    <ClCompile Include="vc_play.cpp" />
    <ClCompile Include="vc_work.cpp" />
    <ClCompile Include="d_dev.cpp" />
    <ClCompile Include="game.cpp" />
    <ClCompile Include="d_edit.cpp" />
  </ItemGroup>
  <ItemGroup>
    <ClInclude Include="m_immutable.h" />
    <ClInclude Include="m_work.h" />
    <ClInclude Include="m_mutable.h" />
    <ClInclude Include="stdafx.h" />
    <ClInclude Include="vc_assets.h" />
    <ClInclude Include="vc_fatpack.h" />
    <ClInclude Include="vc_octamap.h" />
    <ClInclude Include="vc_work.h" />
    <ClInclude Include="d_dev.h" />
    <ClInclude Include="game.h" />
  </ItemGroup>
</Project>