<?xml version="1.0" encoding="utf-8"?>
<Project ToolsVersion="4.0" xmlns="http://schemas.microsoft.com/developer/msbuild/2003">
  <ItemGroup>
    <ClCompile Include="stdafx.cpp" />
    <ClCompile Include="w32_timer.cpp" />
    <ClCompile Include="w32_dsound.cpp">
      <Filter>dsound</Filter>
    </ClCompile>
    <ClCompile Include="w32_dsound_channel.cpp">
      <Filter>dsound</Filter>
    </ClCompile>
    <ClCompile Include="w32_dsound_container.cpp">
      <Filter>dsound</Filter>
    </ClCompile>
    <ClCompile Include="w32_dsound_engine.cpp">
      <Filter>dsound</Filter>
    </ClCompile>
    <ClCompile Include="w32_dsound_file_wave.cpp">
      <Filter>dsound</Filter>
    </ClCompile>
    <ClCompile Include="w32_dsound_stream.cpp">
      <Filter>dsound</Filter>
    </ClCompile>
    <ClCompile Include="w32_dsound_util.cpp">
      <Filter>dsound</Filter>
    </ClCompile>
    <ClCompile Include="w32_d3d9_resource.cpp">
      <Filter>d3d9</Filter>
    </ClCompile>
    <ClCompile Include="w32_d3d9_softdraw_adapter.cpp">
      <Filter>d3d9</Filter>
    </ClCompile>
    <ClCompile Include="w32_d3d9_state.cpp">
      <Filter>d3d9</Filter>
    </ClCompile>
    <ClCompile Include="w32_dxut.cpp">
      <Filter>d3d9</Filter>
    </ClCompile>
    <ClCompile Include="w32_dxut_enum.cpp">
      <Filter>d3d9</Filter>
    </ClCompile>
    <ClCompile Include="w32_dxut_misc.cpp">
      <Filter>d3d9</Filter>
    </ClCompile>
    <ClCompile Include="w32_dsound_vorbis_file.cpp">
      <Filter>dsound</Filter>
    </ClCompile>
    <ClCompile Include="w32_d3d9_app.cpp">
      <Filter>d3d9</Filter>
    </ClCompile>
    <ClCompile Include="w32_d3d9_present_8bit.cpp">
      <Filter>d3d9</Filter>
    </ClCompile>
  </ItemGroup>
  <ItemGroup>
    <ClInclude Include="stdafx.h" />
    <ClInclude Include="w32_timer.h" />
    <ClInclude Include="ogg.h">
      <Filter>ogg/vorbis</Filter>
    </ClInclude>
    <ClInclude Include="os_types.h">
      <Filter>ogg/vorbis</Filter>
    </ClInclude>
    <ClInclude Include="vorbis_codec.h">
      <Filter>ogg/vorbis</Filter>
    </ClInclude>
    <ClInclude Include="vorbis_file.h">
      <Filter>ogg/vorbis</Filter>
    </ClInclude>
    <ClInclude Include="w32_dsound.h">
      <Filter>dsound</Filter>
    </ClInclude>
    <ClInclude Include="w32_dsound_channel.h">
      <Filter>dsound</Filter>
    </ClInclude>
    <ClInclude Include="w32_dsound_container.h">
      <Filter>dsound</Filter>
    </ClInclude>
    <ClInclude Include="w32_dsound_engine.h">
      <Filter>dsound</Filter>
    </ClInclude>
    <ClInclude Include="w32_dsound_file_wave.h">
      <Filter>dsound</Filter>
    </ClInclude>
    <ClInclude Include="w32_dsound_stream.h">
      <Filter>dsound</Filter>
    </ClInclude>
    <ClInclude Include="w32_dsound_util.h">
      <Filter>dsound</Filter>
    </ClInclude>
    <ClInclude Include="w32_d3d9_app.h">
      <Filter>d3d9</Filter>
    </ClInclude>
    <ClInclude Include="w32_d3d9_includes.h">
      <Filter>d3d9</Filter>
    </ClInclude>
    <ClInclude Include="w32_d3d9_resource.h">
      <Filter>d3d9</Filter>
    </ClInclude>
    <ClInclude Include="w32_d3d9_softdraw_adapter.h">
      <Filter>d3d9</Filter>
    </ClInclude>
    <ClInclude Include="w32_d3d9_state.h">
      <Filter>d3d9</Filter>
    </ClInclude>
    <ClInclude Include="w32_dxut.h">
      <Filter>d3d9</Filter>
    </ClInclude>
    <ClInclude Include="w32_dxut_enum.h">
      <Filter>d3d9</Filter>
    </ClInclude>
    <ClInclude Include="w32_dxut_misc.h">
      <Filter>d3d9</Filter>
    </ClInclude>
    <ClInclude Include="w32_dsound_stream_source.h">
      <Filter>dsound</Filter>
    </ClInclude>
    <ClInclude Include="w32_dsound_vorbis_file.h">
      <Filter>dsound</Filter>
    </ClInclude>
  </ItemGroup>
  <ItemGroup>
    <Filter Include="dsound">
      <UniqueIdentifier>{20bd304e-ef20-49d0-9e0a-01d6244aa31e}</UniqueIdentifier>
    </Filter>
    <Filter Include="d3d9">
      <UniqueIdentifier>{8b8b823f-8080-49a3-bff5-52356a9eebbf}</UniqueIdentifier>
    </Filter>
    <Filter Include="ogg/vorbis">
      <UniqueIdentifier>{3c4f2e28-02e8-491c-8811-4deacc99affd}</UniqueIdentifier>
    </Filter>
  </ItemGroup>
</Project>